
Microsoft Visual Studio Solution File, Format Version 12.00
# Visual Studio Version 16
VisualStudioVersion = 16.0.30804.86
MinimumVisualStudioVersion = 10.0.40219.1
Project("{FAE04EC0-301F-11D3-BF4B-00C04F79EFBC}") = "CourseLIbrary.API", "CourseLIbrary.API\CourseLIbrary.API.csproj", "{383AF596-6D15-4AE6-AEA7-6E0349BA6CD3}"
EndProject
Global
	GlobalSection(SolutionConfigurationPlatforms) = preSolution
		Debug|Any CPU = Debug|Any CPU
		Release|Any CPU = Release|Any CPU
	EndGlobalSection
	GlobalSection(ProjectConfigurationPlatforms) = postSolution
		{383AF596-6D15-4AE6-AEA7-6E0349BA6CD3}.Debug|Any CPU.ActiveCfg = Debug|Any CPU
		{383AF596-6D15-4AE6-AEA7-6E0349BA6CD3}.Debug|Any CPU.Build.0 = Debug|Any CPU
		{383AF596-6D15-4AE6-AEA7-6E0349BA6CD3}.Release|Any CPU.ActiveCfg = Release|Any CPU
		{383AF596-6D15-4AE6-AEA7-6E0349BA6CD3}.Release|Any CPU.Build.0 = Release|Any CPU
	EndGlobalSection
	GlobalSection(SolutionProperties) = preSolution
		HideSolutionNode = FALSE
	EndGlobalSection
	GlobalSection(ExtensibilityGlobals) = postSolution
		SolutionGuid = {8F04B252-0801-4BD7-B5B9-AF81F4B80893}
	EndGlobalSection
EndGlobal
